
Microsoft Visual Studio Solution File, Format Version 12.00
# Visual Studio Version 17
VisualStudioVersion = 17.0.31903.59
MinimumVisualStudioVersion = 10.0.40219.1
Project("{FAE04EC0-301F-11D3-BF4B-00C04F79EFBC}") = "Fundament.Capstone.Runtime", "Fundament.Capstone.Runtime\Fundament.Capstone.Runtime.csproj", "{471547A3-9396-480B-A06F-C5F54B6D1C8C}"
EndProject
Project("{2150E333-8FDC-42A3-9474-1A3956D46DE8}") = "Tests", "Tests", "{7F94B4E9-82AF-4A57-9A65-A54C2447D5BE}"
EndProject
Project("{FAE04EC0-301F-11D3-BF4B-00C04F79EFBC}") = "Tests.Fundament.Capstone.Runtime", "Tests\Tests.Fundament.Capstone.Runtime\Tests.Fundament.Capstone.Runtime.csproj", "{BF6F6DEA-9F57-4E76-BA20-D1AD6E14AF57}"
EndProject
Global
	GlobalSection(SolutionConfigurationPlatforms) = preSolution
		Debug|Any CPU = Debug|Any CPU
		Debug|x64 = Debug|x64
		Debug|x86 = Debug|x86
		Release|Any CPU = Release|Any CPU
		Release|x64 = Release|x64
		Release|x86 = Release|x86
	EndGlobalSection
	GlobalSection(ProjectConfigurationPlatforms) = postSolution
		{471547A3-9396-480B-A06F-C5F54B6D1C8C}.Debug|Any CPU.ActiveCfg = Debug|Any CPU
		{471547A3-9396-480B-A06F-C5F54B6D1C8C}.Debug|Any CPU.Build.0 = Debug|Any CPU
		{471547A3-9396-480B-A06F-C5F54B6D1C8C}.Debug|x64.ActiveCfg = Debug|Any CPU
		{471547A3-9396-480B-A06F-C5F54B6D1C8C}.Debug|x64.Build.0 = Debug|Any CPU
		{471547A3-9396-480B-A06F-C5F54B6D1C8C}.Debug|x86.ActiveCfg = Debug|Any CPU
		{471547A3-9396-480B-A06F-C5F54B6D1C8C}.Debug|x86.Build.0 = Debug|Any CPU
		{471547A3-9396-480B-A06F-C5F54B6D1C8C}.Release|Any CPU.ActiveCfg = Release|Any CPU
		{471547A3-9396-480B-A06F-C5F54B6D1C8C}.Release|Any CPU.Build.0 = Release|Any CPU
		{471547A3-9396-480B-A06F-C5F54B6D1C8C}.Release|x64.ActiveCfg = Release|Any CPU
		{471547A3-9396-480B-A06F-C5F54B6D1C8C}.Release|x64.Build.0 = Release|Any CPU
		{471547A3-9396-480B-A06F-C5F54B6D1C8C}.Release|x86.ActiveCfg = Release|Any CPU
		{471547A3-9396-480B-A06F-C5F54B6D1C8C}.Release|x86.Build.0 = Release|Any CPU
		{BF6F6DEA-9F57-4E76-BA20-D1AD6E14AF57}.Debug|Any CPU.ActiveCfg = Debug|Any CPU
		{BF6F6DEA-9F57-4E76-BA20-D1AD6E14AF57}.Debug|Any CPU.Build.0 = Debug|Any CPU
		{BF6F6DEA-9F57-4E76-BA20-D1AD6E14AF57}.Debug|x64.ActiveCfg = Debug|Any CPU
		{BF6F6DEA-9F57-4E76-BA20-D1AD6E14AF57}.Debug|x64.Build.0 = Debug|Any CPU
		{BF6F6DEA-9F57-4E76-BA20-D1AD6E14AF57}.Debug|x86.ActiveCfg = Debug|Any CPU
		{BF6F6DEA-9F57-4E76-BA20-D1AD6E14AF57}.Debug|x86.Build.0 = Debug|Any CPU
		{BF6F6DEA-9F57-4E76-BA20-D1AD6E14AF57}.Release|Any CPU.ActiveCfg = Release|Any CPU
		{BF6F6DEA-9F57-4E76-BA20-D1AD6E14AF57}.Release|Any CPU.Build.0 = Release|Any CPU
		{BF6F6DEA-9F57-4E76-BA20-D1AD6E14AF57}.Release|x64.ActiveCfg = Release|Any CPU
		{BF6F6DEA-9F57-4E76-BA20-D1AD6E14AF57}.Release|x64.Build.0 = Release|Any CPU
		{BF6F6DEA-9F57-4E76-BA20-D1AD6E14AF57}.Release|x86.ActiveCfg = Release|Any CPU
		{BF6F6DEA-9F57-4E76-BA20-D1AD6E14AF57}.Release|x86.Build.0 = Release|Any CPU
	EndGlobalSection
	GlobalSection(SolutionProperties) = preSolution
		HideSolutionNode = FALSE
	EndGlobalSection
	GlobalSection(NestedProjects) = preSolution
		{BF6F6DEA-9F57-4E76-BA20-D1AD6E14AF57} = {7F94B4E9-82AF-4A57-9A65-A54C2447D5BE}
	EndGlobalSection
EndGlobal
